// !$*UTF8*$!
{
	archiveVersion = 1;
	classes = {
	};
	objectVersion = 55;
	objects = {

/* Begin PBXBuildFile section */
		611AF17C27D913BB001EB39D /* D_Loop_03.mid in Resources */ = {isa = PBXBuildFile; fileRef = 611AF17B27D913BB001EB39D /* D_Loop_03.mid */; };
		61648B2D27D62E1100AE22AA /* AppDelegate.swift in Sources */ = {isa = PBXBuildFile; fileRef = 61648B2C27D62E1100AE22AA /* AppDelegate.swift */; };
		61648B2F27D62E1100AE22AA /* SceneDelegate.swift in Sources */ = {isa = PBXBuildFile; fileRef = 61648B2E27D62E1100AE22AA /* SceneDelegate.swift */; };
		61648B3127D62E1100AE22AA /* ViewController.swift in Sources */ = {isa = PBXBuildFile; fileRef = 61648B3027D62E1100AE22AA /* ViewController.swift */; };
		61648B3427D62E1100AE22AA /* Main.storyboard in Resources */ = {isa = PBXBuildFile; fileRef = 61648B3227D62E1100AE22AA /* Main.storyboard */; };
		61648B3627D62E1300AE22AA /* Assets.xcassets in Resources */ = {isa = PBXBuildFile; fileRef = 61648B3527D62E1300AE22AA /* Assets.xcassets */; };
		61648B3927D62E1300AE22AA /* LaunchScreen.storyboard in Resources */ = {isa = PBXBuildFile; fileRef = 61648B3727D62E1300AE22AA /* LaunchScreen.storyboard */; };
		61648B4327D62E3700AE22AA /* AudioKit in Frameworks */ = {isa = PBXBuildFile; productRef = 61648B4227D62E3700AE22AA /* AudioKit */; };
/* End PBXBuildFile section */

/* Begin PBXFileReference section */
		611AF17B27D913BB001EB39D /* D_Loop_03.mid */ = {isa = PBXFileReference; lastKnownFileType = audio.midi; path = D_Loop_03.mid; sourceTree = "<group>"; };
		61648B2927D62E1100AE22AA /* iosAudiokitMIdi.app */ = {isa = PBXFileReference; explicitFileType = wrapper.application; includeInIndex = 0; path = iosAudiokitMIdi.app; sourceTree = BUILT_PRODUCTS_DIR; };
		61648B2C27D62E1100AE22AA /* AppDelegate.swift */ = {isa = PBXFileReference; lastKnownFileType = sourcecode.swift; path = AppDelegate.swift; sourceTree = "<group>"; };
		61648B2E27D62E1100AE22AA /* SceneDelegate.swift */ = {isa = PBXFileReference; lastKnownFileType = sourcecode.swift; path = SceneDelegate.swift; sourceTree = "<group>"; };
		61648B3027D62E1100AE22AA /* ViewController.swift */ = {isa = PBXFileReference; lastKnownFileType = sourcecode.swift; path = ViewController.swift; sourceTree = "<group>"; };
		61648B3327D62E1100AE22AA /* Base */ = {isa = PBXFileReference; lastKnownFileType = file.storyboard; name = Base; path = Base.lproj/Main.storyboard; sourceTree = "<group>"; };
		61648B3527D62E1300AE22AA /* Assets.xcassets */ = {isa = PBXFileReference; lastKnownFileType = folder.assetcatalog; path = Assets.xcassets; sourceTree = "<group>"; };
		61648B3827D62E1300AE22AA /* Base */ = {isa = PBXFileReference; lastKnownFileType = file.storyboard; name = Base; path = Base.lproj/LaunchScreen.storyboard; sourceTree = "<group>"; };
		61648B3A27D62E1300AE22AA /* Info.plist */ = {isa = PBXFileReference; lastKnownFileType = text.plist.xml; path = Info.plist; sourceTree = "<group>"; };
		61648B4027D62E1900AE22AA /* iosAudiokitMIdi.entitlements */ = {isa = PBXFileReference; lastKnownFileType = text.plist.entitlements; path = iosAudiokitMIdi.entitlements; sourceTree = "<group>"; };
/* End PBXFileReference section */

/* Begin PBXFrameworksBuildPhase section */
		61648B2627D62E1100AE22AA /* Frameworks */ = {
			isa = PBXFrameworksBuildPhase;
			buildActionMask = 2147483647;
			files = (
				61648B4327D62E3700AE22AA /* AudioKit in Frameworks */,
			);
			runOnlyForDeploymentPostprocessing = 0;
		};
/* End PBXFrameworksBuildPhase section */

/* Begin PBXGroup section */
		61648B2027D62E1100AE22AA = {
			isa = PBXGroup;
			children = (
				61648B2B27D62E1100AE22AA /* iosAudiokitMIdi */,
				61648B2A27D62E1100AE22AA /* Products */,
			);
			sourceTree = "<group>";
		};
		61648B2A27D62E1100AE22AA /* Products */ = {
			isa = PBXGroup;
			children = (
				61648B2927D62E1100AE22AA /* iosAudiokitMIdi.app */,
			);
			name = Products;
			sourceTree = "<group>";
		};
		61648B2B27D62E1100AE22AA /* iosAudiokitMIdi */ = {
			isa = PBXGroup;
			children = (
				61648B4027D62E1900AE22AA /* iosAudiokitMIdi.entitlements */,
				61648B2C27D62E1100AE22AA /* AppDelegate.swift */,
				61648B2E27D62E1100AE22AA /* SceneDelegate.swift */,
				611AF17B27D913BB001EB39D /* D_Loop_03.mid */,
				61648B3027D62E1100AE22AA /* ViewController.swift */,
				61648B3227D62E1100AE22AA /* Main.storyboard */,
				61648B3527D62E1300AE22AA /* Assets.xcassets */,
				61648B3727D62E1300AE22AA /* LaunchScreen.storyboard */,
				61648B3A27D62E1300AE22AA /* Info.plist */,
			);
			path = iosAudiokitMIdi;
			sourceTree = "<group>";
		};
/* End PBXGroup section */

/* Begin PBXNativeTarget section */
		61648B2827D62E1100AE22AA /* iosAudiokitMIdi */ = {
			isa = PBXNativeTarget;
			buildConfigurationList = 61648B3D27D62E1300AE22AA /* Build configuration list for PBXNativeTarget "iosAudiokitMIdi" */;
			buildPhases = (
				61648B2527D62E1100AE22AA /* Sources */,
				61648B2627D62E1100AE22AA /* Frameworks */,
				61648B2727D62E1100AE22AA /* Resources */,
			);
			buildRules = (
			);
			dependencies = (
			);
			name = iosAudiokitMIdi;
			packageProductDependencies = (
				61648B4227D62E3700AE22AA /* AudioKit */,
			);
			productName = iosAudiokitMIdi;
			productReference = 61648B2927D62E1100AE22AA /* iosAudiokitMIdi.app */;
			productType = "com.apple.product-type.application";
		};
/* End PBXNativeTarget section */

/* Begin PBXProject section */
		61648B2127D62E1100AE22AA /* Project object */ = {
			isa = PBXProject;
			attributes = {
				BuildIndependentTargetsInParallel = 1;
				LastSwiftUpdateCheck = 1320;
				LastUpgradeCheck = 1320;
				TargetAttributes = {
					61648B2827D62E1100AE22AA = {
						CreatedOnToolsVersion = 13.2.1;
					};
				};
			};
			buildConfigurationList = 61648B2427D62E1100AE22AA /* Build configuration list for PBXProject "iosAudiokitMIdi" */;
			compatibilityVersion = "Xcode 13.0";
			developmentRegion = en;
			hasScannedForEncodings = 0;
			knownRegions = (
				en,
				Base,
			);
			mainGroup = 61648B2027D62E1100AE22AA;
			packageReferences = (
				61648B4127D62E3700AE22AA /* XCRemoteSwiftPackageReference "AudioKit" */,
			);
			productRefGroup = 61648B2A27D62E1100AE22AA /* Products */;
			projectDirPath = "";
			projectRoot = "";
			targets = (
				61648B2827D62E1100AE22AA /* iosAudiokitMIdi */,
			);
		};
/* End PBXProject section */

/* Begin PBXResourcesBuildPhase section */
		61648B2727D62E1100AE22AA /* Resources */ = {
			isa = PBXResourcesBuildPhase;
			buildActionMask = 2147483647;
			files = (
				611AF17C27D913BB001EB39D /* D_Loop_03.mid in Resources */,
				61648B3927D62E1300AE22AA /* LaunchScreen.storyboard in Resources */,
				61648B3627D62E1300AE22AA /* Assets.xcassets in Resources */,
				61648B3427D62E1100AE22AA /* Main.storyboard in Resources */,
			);
			runOnlyForDeploymentPostprocessing = 0;
		};
/* End PBXResourcesBuildPhase section */

/* Begin PBXSourcesBuildPhase section */
		61648B2527D62E1100AE22AA /* Sources */ = {
			isa = PBXSourcesBuildPhase;
			buildActionMask = 2147483647;
			files = (
				61648B3127D62E1100AE22AA /* ViewController.swift in Sources */,
				61648B2D27D62E1100AE22AA /* AppDelegate.swift in Sources */,
				61648B2F27D62E1100AE22AA /* SceneDelegate.swift in Sources */,
			);
			runOnlyForDeploymentPostprocessing = 0;
		};
/* End PBXSourcesBuildPhase section */

/* Begin PBXVariantGroup section */
		61648B3227D62E1100AE22AA /* Main.storyboard */ = {
			isa = PBXVariantGroup;
			children = (
				61648B3327D62E1100AE22AA /* Base */,
			);
			name = Main.storyboard;
			sourceTree = "<group>";
		};
		61648B3727D62E1300AE22AA /* LaunchScreen.storyboard */ = {
			isa = PBXVariantGroup;
			children = (
				61648B3827D62E1300AE22AA /* Base */,
			);
			name = LaunchScreen.storyboard;
			sourceTree = "<group>";
		};
/* End PBXVariantGroup section */

/* Begin XCBuildConfiguration section */
		61648B3B27D62E1300AE22AA /* Debug */ = {
			isa = XCBuildConfiguration;
			buildSettings = {
				ALWAYS_SEARCH_USER_PATHS = NO;
				CLANG_ANALYZER_NONNULL = YES;
				CLANG_ANALYZER_NUMBER_OBJECT_CONVERSION = YES_AGGRESSIVE;
				CLANG_CXX_LANGUAGE_STANDARD = "gnu++17";
				CLANG_CXX_LIBRARY = "libc++";
				CLANG_ENABLE_MODULES = YES;
				CLANG_ENABLE_OBJC_ARC = YES;
				CLANG_ENABLE_OBJC_WEAK = YES;
				CLANG_WARN_BLOCK_CAPTURE_AUTORELEASING = YES;
				CLANG_WARN_BOOL_CONVERSION = YES;
				CLANG_WARN_COMMA = YES;
				CLANG_WARN_CONSTANT_CONVERSION = YES;
				CLANG_WARN_DEPRECATED_OBJC_IMPLEMENTATIONS = YES;
				CLANG_WARN_DIRECT_OBJC_ISA_USAGE = YES_ERROR;
				CLANG_WARN_DOCUMENTATION_COMMENTS = YES;
				CLANG_WARN_EMPTY_BODY = YES;
				CLANG_WARN_ENUM_CONVERSION = YES;
				CLANG_WARN_INFINITE_RECURSION = YES;
				CLANG_WARN_INT_CONVERSION = YES;
				CLANG_WARN_NON_LITERAL_NULL_CONVERSION = YES;
				CLANG_WARN_OBJC_IMPLICIT_RETAIN_SELF = YES;
				CLANG_WARN_OBJC_LITERAL_CONVERSION = YES;
				CLANG_WARN_OBJC_ROOT_CLASS = YES_ERROR;
				CLANG_WARN_QUOTED_INCLUDE_IN_FRAMEWORK_HEADER = YES;
				CLANG_WARN_RANGE_LOOP_ANALYSIS = YES;
				CLANG_WARN_STRICT_PROTOTYPES = YES;
				CLANG_WARN_SUSPICIOUS_MOVE = YES;
				CLANG_WARN_UNGUARDED_AVAILABILITY = YES_AGGRESSIVE;
				CLANG_WARN_UNREACHABLE_CODE = YES;
				CLANG_WARN__DUPLICATE_METHOD_MATCH = YES;
				COPY_PHASE_STRIP = NO;
				DEBUG_INFORMATION_FORMAT = dwarf;
				ENABLE_STRICT_OBJC_MSGSEND = YES;
				ENABLE_TESTABILITY = YES;
				GCC_C_LANGUAGE_STANDARD = gnu11;
				GCC_DYNAMIC_NO_PIC = NO;
				GCC_NO_COMMON_BLOCKS = YES;
				GCC_OPTIMIZATION_LEVEL = 0;
				GCC_PREPROCESSOR_DEFINITIONS = (
					"DEBUG=1",
					"$(inherited)",
				);
				GCC_WARN_64_TO_32_BIT_CONVERSION = YES;
				GCC_WARN_ABOUT_RETURN_TYPE = YES_ERROR;
				GCC_WARN_UNDECLARED_SELECTOR = YES;
				GCC_WARN_UNINITIALIZED_AUTOS = YES_AGGRESSIVE;
				GCC_WARN_UNUSED_FUNCTION = YES;
				GCC_WARN_UNUSED_VARIABLE = YES;
				IPHONEOS_DEPLOYMENT_TARGET = 15.2;
				MTL_ENABLE_DEBUG_INFO = INCLUDE_SOURCE;
				MTL_FAST_MATH = YES;
				ONLY_ACTIVE_ARCH = YES;
				SDKROOT = iphoneos;
				SWIFT_ACTIVE_COMPILATION_CONDITIONS = DEBUG;
				SWIFT_OPTIMIZATION_LEVEL = "-Onone";
			};
			name = Debug;
		};
		61648B3C27D62E1300AE22AA /* Release */ = {
			isa = XCBuildConfiguration;
			buildSettings = {
				ALWAYS_SEARCH_USER_PATHS = NO;
				CLANG_ANALYZER_NONNULL = YES;
				CLANG_ANALYZER_NUMBER_OBJECT_CONVERSION = YES_AGGRESSIVE;
				CLANG_CXX_LANGUAGE_STANDARD = "gnu++17";
				CLANG_CXX_LIBRARY = "libc++";
				CLANG_ENABLE_MODULES = YES;
				CLANG_ENABLE_OBJC_ARC = YES;
				CLANG_ENABLE_OBJC_WEAK = YES;
				CLANG_WARN_BLOCK_CAPTURE_AUTORELEASING = YES;
				CLANG_WARN_BOOL_CONVERSION = YES;
				CLANG_WARN_COMMA = YES;
				CLANG_WARN_CONSTANT_CONVERSION = YES;
				CLANG_WARN_DEPRECATED_OBJC_IMPLEMENTATIONS = YES;
				CLANG_WARN_DIRECT_OBJC_ISA_USAGE = YES_ERROR;
				CLANG_WARN_DOCUMENTATION_COMMENTS = YES;
				CLANG_WARN_EMPTY_BODY = YES;
				CLANG_WARN_ENUM_CONVERSION = YES;
				CLANG_WARN_INFINITE_RECURSION = YES;
				CLANG_WARN_INT_CONVERSION = YES;
				CLANG_WARN_NON_LITERAL_NULL_CONVERSION = YES;
				CLANG_WARN_OBJC_IMPLICIT_RETAIN_SELF = YES;
				CLANG_WARN_OBJC_LITERAL_CONVERSION = YES;
				CLANG_WARN_OBJC_ROOT_CLASS = YES_ERROR;
				CLANG_WARN_QUOTED_INCLUDE_IN_FRAMEWORK_HEADER = YES;
				CLANG_WARN_RANGE_LOOP_ANALYSIS = YES;
				CLANG_WARN_STRICT_PROTOTYPES = YES;
				CLANG_WARN_SUSPICIOUS_MOVE = YES;
				CLANG_WARN_UNGUARDED_AVAILABILITY = YES_AGGRESSIVE;
				CLANG_WARN_UNREACHABLE_CODE = YES;
				CLANG_WARN__DUPLICATE_METHOD_MATCH = YES;
				COPY_PHASE_STRIP = NO;
				DEBUG_INFORMATION_FORMAT = "dwarf-with-dsym";
				ENABLE_NS_ASSERTIONS = NO;
				ENABLE_STRICT_OBJC_MSGSEND = YES;
				GCC_C_LANGUAGE_STANDARD = gnu11;
				GCC_NO_COMMON_BLOCKS = YES;
				GCC_WARN_64_TO_32_BIT_CONVERSION = YES;
				GCC_WARN_ABOUT_RETURN_TYPE = YES_ERROR;
				GCC_WARN_UNDECLARED_SELECTOR = YES;
				GCC_WARN_UNINITIALIZED_AUTOS = YES_AGGRESSIVE;
				GCC_WARN_UNUSED_FUNCTION = YES;
				GCC_WARN_UNUSED_VARIABLE = YES;
				IPHONEOS_DEPLOYMENT_TARGET = 15.2;
				MTL_ENABLE_DEBUG_INFO = NO;
				MTL_FAST_MATH = YES;
				SDKROOT = iphoneos;
				SWIFT_COMPILATION_MODE = wholemodule;
				SWIFT_OPTIMIZATION_LEVEL = "-O";
				VALIDATE_PRODUCT = YES;
			};
			name = Release;
		};
		61648B3E27D62E1300AE22AA /* Debug */ = {
			isa = XCBuildConfiguration;
			buildSettings = {
				ASSETCATALOG_COMPILER_APPICON_NAME = AppIcon;
				ASSETCATALOG_COMPILER_GLOBAL_ACCENT_COLOR_NAME = AccentColor;
				CODE_SIGN_ENTITLEMENTS = iosAudiokitMIdi/iosAudiokitMIdi.entitlements;
				CODE_SIGN_STYLE = Automatic;
				CURRENT_PROJECT_VERSION = 1;
				DEVELOPMENT_TEAM = 4NY9EY68HK;
				GENERATE_INFOPLIST_FILE = YES;
				INFOPLIST_FILE = iosAudiokitMIdi/Info.plist;
				INFOPLIST_KEY_NSCameraUsageDescription = "can i use the camera";
				INFOPLIST_KEY_UIApplicationSupportsIndirectInputEvents = YES;
				INFOPLIST_KEY_UILaunchStoryboardName = LaunchScreen;
				INFOPLIST_KEY_UIMainStoryboardFile = Main;
				INFOPLIST_KEY_UISupportedInterfaceOrientations_iPad = "UIInterfaceOrientationPortrait UIInterfaceOrientationPortraitUpsideDown UIInterfaceOrientationLandscapeLeft UIInterfaceOrientationLandscapeRight";
				INFOPLIST_KEY_UISupportedInterfaceOrientations_iPhone = "UIInterfaceOrientationPortrait UIInterfaceOrientationLandscapeLeft UIInterfaceOrientationLandscapeRight";
				LD_RUNPATH_SEARCH_PATHS = (
					"$(inherited)",
					"@executable_path/Frameworks",
				);
				MARKETING_VERSION = 1.0;
				PRODUCT_BUNDLE_IDENTIFIER = dontworry.iosAudiokitMIdi;
				PRODUCT_NAME = "$(TARGET_NAME)";
				SUPPORTS_MACCATALYST = YES;
				SWIFT_EMIT_LOC_STRINGS = YES;
				SWIFT_VERSION = 5.0;
				TARGETED_DEVICE_FAMILY = "1,2";
			};
			name = Debug;
		};
		61648B3F27D62E1300AE22AA /* Release */ = {
			isa = XCBuildConfiguration;
			buildSettings = {
				ASSETCATALOG_COMPILER_APPICON_NAME = AppIcon;
				ASSETCATALOG_COMPILER_GLOBAL_ACCENT_COLOR_NAME = AccentColor;
				CODE_SIGN_ENTITLEMENTS = iosAudiokitMIdi/iosAudiokitMIdi.entitlements;
				CODE_SIGN_STYLE = Automatic;
				CURRENT_PROJECT_VERSION = 1;
				DEVELOPMENT_TEAM = 4NY9EY68HK;
				GENERATE_INFOPLIST_FILE = YES;
				INFOPLIST_FILE = iosAudiokitMIdi/Info.plist;
				INFOPLIST_KEY_NSCameraUsageDescription = "can i use the camera";
				INFOPLIST_KEY_UIApplicationSupportsIndirectInputEvents = YES;
				INFOPLIST_KEY_UILaunchStoryboardName = LaunchScreen;
				INFOPLIST_KEY_UIMainStoryboardFile = Main;
				INFOPLIST_KEY_UISupportedInterfaceOrientations_iPad = "UIInterfaceOrientationPortrait UIInterfaceOrientationPortraitUpsideDown UIInterfaceOrientationLandscapeLeft UIInterfaceOrientationLandscapeRight";
				INFOPLIST_KEY_UISupportedInterfaceOrientations_iPhone = "UIInterfaceOrientationPortrait UIInterfaceOrientationLandscapeLeft UIInterfaceOrientationLandscapeRight";
				LD_RUNPATH_SEARCH_PATHS = (
					"$(inherited)",
					"@executable_path/Frameworks",
				);
				MARKETING_VERSION = 1.0;
				PRODUCT_BUNDLE_IDENTIFIER = dontworry.iosAudiokitMIdi;
				PRODUCT_NAME = "$(TARGET_NAME)";
				SUPPORTS_MACCATALYST = YES;
				SWIFT_EMIT_LOC_STRINGS = YES;
				SWIFT_VERSION = 5.0;
				TARGETED_DEVICE_FAMILY = "1,2";
			};
			name = Release;
		};
/* End XCBuildConfiguration section */

/* Begin XCConfigurationList section */
		61648B2427D62E1100AE22AA /* Build configuration list for PBXProject "iosAudiokitMIdi" */ = {
			isa = XCConfigurationList;
			buildConfigurations = (
				61648B3B27D62E1300AE22AA /* Debug */,
				61648B3C27D62E1300AE22AA /* Release */,
			);
			defaultConfigurationIsVisible = 0;
			defaultConfigurationName = Release;
		};
		61648B3D27D62E1300AE22AA /* Build configuration list for PBXNativeTarget "iosAudiokitMIdi" */ = {
			isa = XCConfigurationList;
			buildConfigurations = (
				61648B3E27D62E1300AE22AA /* Debug */,
				61648B3F27D62E1300AE22AA /* Release */,
			);
			defaultConfigurationIsVisible = 0;
			defaultConfigurationName = Release;
		};
/* End XCConfigurationList section */

/* Begin XCRemoteSwiftPackageReference section */
		61648B4127D62E3700AE22AA /* XCRemoteSwiftPackageReference "AudioKit" */ = {
			isa = XCRemoteSwiftPackageReference;
			repositoryURL = "https://github.com/AudioKit/AudioKit.git";
			requirement = {
				kind = upToNextMajorVersion;
				minimumVersion = 5.0.0;
			};
		};
/* End XCRemoteSwiftPackageReference section */

/* Begin XCSwiftPackageProductDependency section */
		61648B4227D62E3700AE22AA /* AudioKit */ = {
			isa = XCSwiftPackageProductDependency;
			package = 61648B4127D62E3700AE22AA /* XCRemoteSwiftPackageReference "AudioKit" */;
			productName = AudioKit;
		};
/* End XCSwiftPackageProductDependency section */
	};
	rootObject = 61648B2127D62E1100AE22AA /* Project object */;
}
